
Microsoft Visual Studio Solution File, Format Version 12.00
# Visual Studio 15
VisualStudioVersion = 15.0.26730.12
MinimumVisualStudioVersion = 10.0.40219.1
Project("{FAE04EC0-301F-11D3-BF4B-00C04F79EFBC}") = "LogoConnect", "LogoConnect\LogoConnect.csproj", "{BDB3B4FA-5FF2-42A1-81A5-67794E9668D4}"
EndProject
Project("{FAE04EC0-301F-11D3-BF4B-00C04F79EFBC}") = "LogoConnectTest", "LogoConnectTest\LogoConnectTest.csproj", "{6BCEC7AD-CBB0-45C8-BC2A-1C023D6B0E31}"
EndProject
Global
	GlobalSection(SolutionConfigurationPlatforms) = preSolution
		Debug|Any CPU = Debug|Any CPU
		Release|Any CPU = Release|Any CPU
	EndGlobalSection
	GlobalSection(ProjectConfigurationPlatforms) = postSolution
		{BDB3B4FA-5FF2-42A1-81A5-67794E9668D4}.Debug|Any CPU.ActiveCfg = Debug|Any CPU
		{BDB3B4FA-5FF2-42A1-81A5-67794E9668D4}.Debug|Any CPU.Build.0 = Debug|Any CPU
		{BDB3B4FA-5FF2-42A1-81A5-67794E9668D4}.Release|Any CPU.ActiveCfg = Release|Any CPU
		{BDB3B4FA-5FF2-42A1-81A5-67794E9668D4}.Release|Any CPU.Build.0 = Release|Any CPU
		{6BCEC7AD-CBB0-45C8-BC2A-1C023D6B0E31}.Debug|Any CPU.ActiveCfg = Debug|Any CPU
		{6BCEC7AD-CBB0-45C8-BC2A-1C023D6B0E31}.Debug|Any CPU.Build.0 = Debug|Any CPU
		{6BCEC7AD-CBB0-45C8-BC2A-1C023D6B0E31}.Release|Any CPU.ActiveCfg = Release|Any CPU
		{6BCEC7AD-CBB0-45C8-BC2A-1C023D6B0E31}.Release|Any CPU.Build.0 = Release|Any CPU
	EndGlobalSection
	GlobalSection(SolutionProperties) = preSolution
		HideSolutionNode = FALSE
	EndGlobalSection
	GlobalSection(ExtensibilityGlobals) = postSolution
		SolutionGuid = {C6D3D877-EF4E-4103-8701-7AACEB498709}
	EndGlobalSection
EndGlobal
